
Microsoft Visual Studio Solution File, Format Version 12.00
# Visual Studio Version 17
VisualStudioVersion = 17.10.34707.107
MinimumVisualStudioVersion = 10.0.40219.1
Project("{9A19103F-16F7-4668-BE54-9A1E7A4F7556}") = "Samples.JS", "Samples.JS\Samples.JS.jsnproj", "{36FA04DB-3187-4581-8544-AB01D125D244}"
EndProject
Project("{9A19103F-16F7-4668-BE54-9A1E7A4F7556}") = "Samples.JSL", "Samples.JSL\Samples.JSL.vjsproj", "{48E16A45-9AFC-482B-8C7C-AF17BB4319DB}"
EndProject
Project("{9A19103F-16F7-4668-BE54-9A1E7A4F7556}") = "Samples.PY", "Samples.PY\Samples.PY.ipyproj", "{B028BFC1-6475-4D8E-8C4C-2754736ADC37}"
EndProject
Project("{9A19103F-16F7-4668-BE54-9A1E7A4F7556}") = "Samples.JSL.Interop", "Samples.JSL.Interop\Samples.JSL.Interop.csproj", "{F7D7F1FD-95B6-4058-8CB1-FBAFB2CD973C}"
EndProject
Global
	GlobalSection(SolutionConfigurationPlatforms) = preSolution
		Debug|Any CPU = Debug|Any CPU
		Release|Any CPU = Release|Any CPU
	EndGlobalSection
	GlobalSection(ProjectConfigurationPlatforms) = postSolution
		{36FA04DB-3187-4581-8544-AB01D125D244}.Debug|Any CPU.ActiveCfg = Debug|Any CPU
		{36FA04DB-3187-4581-8544-AB01D125D244}.Debug|Any CPU.Build.0 = Debug|Any CPU
		{36FA04DB-3187-4581-8544-AB01D125D244}.Release|Any CPU.ActiveCfg = Release|Any CPU
		{36FA04DB-3187-4581-8544-AB01D125D244}.Release|Any CPU.Build.0 = Release|Any CPU
		{48E16A45-9AFC-482B-8C7C-AF17BB4319DB}.Debug|Any CPU.ActiveCfg = Debug|Any CPU
		{48E16A45-9AFC-482B-8C7C-AF17BB4319DB}.Debug|Any CPU.Build.0 = Debug|Any CPU
		{48E16A45-9AFC-482B-8C7C-AF17BB4319DB}.Release|Any CPU.ActiveCfg = Release|Any CPU
		{48E16A45-9AFC-482B-8C7C-AF17BB4319DB}.Release|Any CPU.Build.0 = Release|Any CPU
		{B028BFC1-6475-4D8E-8C4C-2754736ADC37}.Debug|Any CPU.ActiveCfg = Debug|Any CPU
		{B028BFC1-6475-4D8E-8C4C-2754736ADC37}.Debug|Any CPU.Build.0 = Debug|Any CPU
		{B028BFC1-6475-4D8E-8C4C-2754736ADC37}.Release|Any CPU.ActiveCfg = Release|Any CPU
		{B028BFC1-6475-4D8E-8C4C-2754736ADC37}.Release|Any CPU.Build.0 = Release|Any CPU
		{F7D7F1FD-95B6-4058-8CB1-FBAFB2CD973C}.Debug|Any CPU.ActiveCfg = Debug|Any CPU
		{F7D7F1FD-95B6-4058-8CB1-FBAFB2CD973C}.Debug|Any CPU.Build.0 = Debug|Any CPU
		{F7D7F1FD-95B6-4058-8CB1-FBAFB2CD973C}.Release|Any CPU.ActiveCfg = Release|Any CPU
		{F7D7F1FD-95B6-4058-8CB1-FBAFB2CD973C}.Release|Any CPU.Build.0 = Release|Any CPU
	EndGlobalSection
	GlobalSection(SolutionProperties) = preSolution
		HideSolutionNode = FALSE
	EndGlobalSection
	GlobalSection(ExtensibilityGlobals) = postSolution
		SolutionGuid = {100C91D7-B544-4C24-88A6-E008137E2AF2}
	EndGlobalSection
EndGlobal
